// !$*UTF8*$!
{
	archiveVersion = 1;
	classes = {
	};
	objectVersion = 50;
	objects = {

/* Begin PBXBuildFile section */
		D7785CB6224E00F200973D8F /* AppDelegate.swift in Sources */ = {isa = PBXBuildFile; fileRef = D7785CB5224E00F200973D8F /* AppDelegate.swift */; };
		D7785CB8224E00F200973D8F /* ViewController.swift in Sources */ = {isa = PBXBuildFile; fileRef = D7785CB7224E00F200973D8F /* ViewController.swift */; };
		D7785CBB224E00F200973D8F /* Main.storyboard in Resources */ = {isa = PBXBuildFile; fileRef = D7785CB9224E00F200973D8F /* Main.storyboard */; };
		D7785CBD224E00F300973D8F /* Assets.xcassets in Resources */ = {isa = PBXBuildFile; fileRef = D7785CBC224E00F300973D8F /* Assets.xcassets */; };
		D7785CC0224E00F300973D8F /* LaunchScreen.storyboard in Resources */ = {isa = PBXBuildFile; fileRef = D7785CBE224E00F300973D8F /* LaunchScreen.storyboard */; };
		D7785CD0224E031300973D8F /* A.h in Headers */ = {isa = PBXBuildFile; fileRef = D7785CCE224E031300973D8F /* A.h */; settings = {ATTRIBUTES = (Public, ); }; };
		D7785CD3224E031300973D8F /* A.framework in Frameworks */ = {isa = PBXBuildFile; fileRef = D7785CCC224E031300973D8F /* A.framework */; };
		D7785CD4224E031300973D8F /* A.framework in Embed Frameworks */ = {isa = PBXBuildFile; fileRef = D7785CCC224E031300973D8F /* A.framework */; settings = {ATTRIBUTES = (CodeSignOnCopy, RemoveHeadersOnCopy, ); }; };
		D7785CE2224E031A00973D8F /* B.h in Headers */ = {isa = PBXBuildFile; fileRef = D7785CE0224E031A00973D8F /* B.h */; settings = {ATTRIBUTES = (Public, ); }; };
		D7785CE5224E031A00973D8F /* B.framework in Frameworks */ = {isa = PBXBuildFile; fileRef = D7785CDE224E031A00973D8F /* B.framework */; };
		D7785CE6224E031A00973D8F /* B.framework in Embed Frameworks */ = {isa = PBXBuildFile; fileRef = D7785CDE224E031A00973D8F /* B.framework */; settings = {ATTRIBUTES = (CodeSignOnCopy, RemoveHeadersOnCopy, ); }; };
		D7785CEC224E033000973D8F /* AClass.h in Headers */ = {isa = PBXBuildFile; fileRef = D7785CEA224E033000973D8F /* AClass.h */; settings = {ATTRIBUTES = (Public, ); }; };
		D7785CED224E033000973D8F /* AClass.m in Sources */ = {isa = PBXBuildFile; fileRef = D7785CEB224E033000973D8F /* AClass.m */; };
		D7785CF0224E033C00973D8F /* BClass.h in Headers */ = {isa = PBXBuildFile; fileRef = D7785CEE224E033C00973D8F /* BClass.h */; settings = {ATTRIBUTES = (Public, ); }; };
		D7785CF1224E033C00973D8F /* BClass.m in Sources */ = {isa = PBXBuildFile; fileRef = D7785CEF224E033C00973D8F /* BClass.m */; };
		D7785CF4224E034600973D8F /* Core.h in Headers */ = {isa = PBXBuildFile; fileRef = D7785CF2224E034600973D8F /* Core.h */; settings = {ATTRIBUTES = (Public, ); }; };
		D7785CF5224E034600973D8F /* Core.m in Sources */ = {isa = PBXBuildFile; fileRef = D7785CF3224E034600973D8F /* Core.m */; };
		D7785CF8224E035200973D8F /* Core.h in Headers */ = {isa = PBXBuildFile; fileRef = D7785CF6224E035200973D8F /* Core.h */; settings = {ATTRIBUTES = (Public, ); }; };
		D7785CF9224E035200973D8F /* Core.m in Sources */ = {isa = PBXBuildFile; fileRef = D7785CF7224E035200973D8F /* Core.m */; };
		D7785D03224E058A00973D8F /* C.h in Headers */ = {isa = PBXBuildFile; fileRef = D7785D01224E058A00973D8F /* C.h */; settings = {ATTRIBUTES = (Public, ); }; };
		D7785D06224E058A00973D8F /* C.framework in Frameworks */ = {isa = PBXBuildFile; fileRef = D7785CFF224E058A00973D8F /* C.framework */; };
		D7785D07224E058A00973D8F /* C.framework in Embed Frameworks */ = {isa = PBXBuildFile; fileRef = D7785CFF224E058A00973D8F /* C.framework */; settings = {ATTRIBUTES = (CodeSignOnCopy, RemoveHeadersOnCopy, ); }; };
		D7785D14224E059100973D8F /* D.h in Headers */ = {isa = PBXBuildFile; fileRef = D7785D12224E059100973D8F /* D.h */; settings = {ATTRIBUTES = (Public, ); }; };
		D7785D17224E059100973D8F /* D.framework in Frameworks */ = {isa = PBXBuildFile; fileRef = D7785D10224E059100973D8F /* D.framework */; };
		D7785D18224E059100973D8F /* D.framework in Embed Frameworks */ = {isa = PBXBuildFile; fileRef = D7785D10224E059100973D8F /* D.framework */; settings = {ATTRIBUTES = (CodeSignOnCopy, RemoveHeadersOnCopy, ); }; };
		D7785D1D224E059C00973D8F /* CClass.swift in Sources */ = {isa = PBXBuildFile; fileRef = D7785D1C224E059C00973D8F /* CClass.swift */; };
		D7785D1F224E05A300973D8F /* DClass.swift in Sources */ = {isa = PBXBuildFile; fileRef = D7785D1E224E05A300973D8F /* DClass.swift */; };
		D7785D21224E05AB00973D8F /* Core.swift in Sources */ = {isa = PBXBuildFile; fileRef = D7785D20224E05AB00973D8F /* Core.swift */; };
		D7785D23224E05B200973D8F /* Core.swift in Sources */ = {isa = PBXBuildFile; fileRef = D7785D22224E05B200973D8F /* Core.swift */; };
/* End PBXBuildFile section */

/* Begin PBXContainerItemProxy section */
		D7785CD1224E031300973D8F /* PBXContainerItemProxy */ = {
			isa = PBXContainerItemProxy;
			containerPortal = D7785CAA224E00F200973D8F /* Project object */;
			proxyType = 1;
			remoteGlobalIDString = D7785CCB224E031300973D8F;
			remoteInfo = A;
		};
		D7785CE3224E031A00973D8F /* PBXContainerItemProxy */ = {
			isa = PBXContainerItemProxy;
			containerPortal = D7785CAA224E00F200973D8F /* Project object */;
			proxyType = 1;
			remoteGlobalIDString = D7785CDD224E031A00973D8F;
			remoteInfo = B;
		};
		D7785D04224E058A00973D8F /* PBXContainerItemProxy */ = {
			isa = PBXContainerItemProxy;
			containerPortal = D7785CAA224E00F200973D8F /* Project object */;
			proxyType = 1;
			remoteGlobalIDString = D7785CFE224E058A00973D8F;
			remoteInfo = C;
		};
		D7785D15224E059100973D8F /* PBXContainerItemProxy */ = {
			isa = PBXContainerItemProxy;
			containerPortal = D7785CAA224E00F200973D8F /* Project object */;
			proxyType = 1;
			remoteGlobalIDString = D7785D0F224E059100973D8F;
			remoteInfo = D;
		};
/* End PBXContainerItemProxy section */

/* Begin PBXCopyFilesBuildPhase section */
		D7785CD8224E031300973D8F /* Embed Frameworks */ = {
			isa = PBXCopyFilesBuildPhase;
			buildActionMask = 2147483647;
			dstPath = "";
			dstSubfolderSpec = 10;
			files = (
				D7785CD4224E031300973D8F /* A.framework in Embed Frameworks */,
				D7785CE6224E031A00973D8F /* B.framework in Embed Frameworks */,
				D7785D07224E058A00973D8F /* C.framework in Embed Frameworks */,
				D7785D18224E059100973D8F /* D.framework in Embed Frameworks */,
			);
			name = "Embed Frameworks";
			runOnlyForDeploymentPostprocessing = 0;
		};
/* End PBXCopyFilesBuildPhase section */

/* Begin PBXFileReference section */
		D7785CB2224E00F200973D8F /* Demo.app */ = {isa = PBXFileReference; explicitFileType = wrapper.application; includeInIndex = 0; path = Demo.app; sourceTree = BUILT_PRODUCTS_DIR; };
		D7785CB5224E00F200973D8F /* AppDelegate.swift */ = {isa = PBXFileReference; lastKnownFileType = sourcecode.swift; path = AppDelegate.swift; sourceTree = "<group>"; };
		D7785CB7224E00F200973D8F /* ViewController.swift */ = {isa = PBXFileReference; lastKnownFileType = sourcecode.swift; path = ViewController.swift; sourceTree = "<group>"; };
		D7785CBA224E00F200973D8F /* Base */ = {isa = PBXFileReference; lastKnownFileType = file.storyboard; name = Base; path = Base.lproj/Main.storyboard; sourceTree = "<group>"; };
		D7785CBC224E00F300973D8F /* Assets.xcassets */ = {isa = PBXFileReference; lastKnownFileType = folder.assetcatalog; path = Assets.xcassets; sourceTree = "<group>"; };
		D7785CBF224E00F300973D8F /* Base */ = {isa = PBXFileReference; lastKnownFileType = file.storyboard; name = Base; path = Base.lproj/LaunchScreen.storyboard; sourceTree = "<group>"; };
		D7785CC1224E00F300973D8F /* Info.plist */ = {isa = PBXFileReference; lastKnownFileType = text.plist.xml; path = Info.plist; sourceTree = "<group>"; };
		D7785CCC224E031300973D8F /* A.framework */ = {isa = PBXFileReference; explicitFileType = wrapper.framework; includeInIndex = 0; path = A.framework; sourceTree = BUILT_PRODUCTS_DIR; };
		D7785CCE224E031300973D8F /* A.h */ = {isa = PBXFileReference; lastKnownFileType = sourcecode.c.h; path = A.h; sourceTree = "<group>"; };
		D7785CCF224E031300973D8F /* Info.plist */ = {isa = PBXFileReference; lastKnownFileType = text.plist.xml; path = Info.plist; sourceTree = "<group>"; };
		D7785CDE224E031A00973D8F /* B.framework */ = {isa = PBXFileReference; explicitFileType = wrapper.framework; includeInIndex = 0; path = B.framework; sourceTree = BUILT_PRODUCTS_DIR; };
		D7785CE0224E031A00973D8F /* B.h */ = {isa = PBXFileReference; lastKnownFileType = sourcecode.c.h; path = B.h; sourceTree = "<group>"; };
		D7785CE1224E031A00973D8F /* Info.plist */ = {isa = PBXFileReference; lastKnownFileType = text.plist.xml; path = Info.plist; sourceTree = "<group>"; };
		D7785CEA224E033000973D8F /* AClass.h */ = {isa = PBXFileReference; lastKnownFileType = sourcecode.c.h; path = AClass.h; sourceTree = "<group>"; };
		D7785CEB224E033000973D8F /* AClass.m */ = {isa = PBXFileReference; lastKnownFileType = sourcecode.c.objc; path = AClass.m; sourceTree = "<group>"; };
		D7785CEE224E033C00973D8F /* BClass.h */ = {isa = PBXFileReference; lastKnownFileType = sourcecode.c.h; path = BClass.h; sourceTree = "<group>"; };
		D7785CEF224E033C00973D8F /* BClass.m */ = {isa = PBXFileReference; lastKnownFileType = sourcecode.c.objc; path = BClass.m; sourceTree = "<group>"; };
		D7785CF2224E034600973D8F /* Core.h */ = {isa = PBXFileReference; lastKnownFileType = sourcecode.c.h; path = Core.h; sourceTree = "<group>"; };
		D7785CF3224E034600973D8F /* Core.m */ = {isa = PBXFileReference; lastKnownFileType = sourcecode.c.objc; path = Core.m; sourceTree = "<group>"; };
		D7785CF6224E035200973D8F /* Core.h */ = {isa = PBXFileReference; lastKnownFileType = sourcecode.c.h; path = Core.h; sourceTree = "<group>"; };
		D7785CF7224E035200973D8F /* Core.m */ = {isa = PBXFileReference; lastKnownFileType = sourcecode.c.objc; path = Core.m; sourceTree = "<group>"; };
		D7785CFF224E058A00973D8F /* C.framework */ = {isa = PBXFileReference; explicitFileType = wrapper.framework; includeInIndex = 0; path = C.framework; sourceTree = BUILT_PRODUCTS_DIR; };
		D7785D01224E058A00973D8F /* C.h */ = {isa = PBXFileReference; lastKnownFileType = sourcecode.c.h; path = C.h; sourceTree = "<group>"; };
		D7785D02224E058A00973D8F /* Info.plist */ = {isa = PBXFileReference; lastKnownFileType = text.plist.xml; path = Info.plist; sourceTree = "<group>"; };
		D7785D10224E059100973D8F /* D.framework */ = {isa = PBXFileReference; explicitFileType = wrapper.framework; includeInIndex = 0; path = D.framework; sourceTree = BUILT_PRODUCTS_DIR; };
		D7785D12224E059100973D8F /* D.h */ = {isa = PBXFileReference; lastKnownFileType = sourcecode.c.h; path = D.h; sourceTree = "<group>"; };
		D7785D13224E059100973D8F /* Info.plist */ = {isa = PBXFileReference; lastKnownFileType = text.plist.xml; path = Info.plist; sourceTree = "<group>"; };
		D7785D1C224E059C00973D8F /* CClass.swift */ = {isa = PBXFileReference; lastKnownFileType = sourcecode.swift; path = CClass.swift; sourceTree = "<group>"; };
		D7785D1E224E05A300973D8F /* DClass.swift */ = {isa = PBXFileReference; lastKnownFileType = sourcecode.swift; path = DClass.swift; sourceTree = "<group>"; };
		D7785D20224E05AB00973D8F /* Core.swift */ = {isa = PBXFileReference; lastKnownFileType = sourcecode.swift; path = Core.swift; sourceTree = "<group>"; };
		D7785D22224E05B200973D8F /* Core.swift */ = {isa = PBXFileReference; lastKnownFileType = sourcecode.swift; path = Core.swift; sourceTree = "<group>"; };
/* End PBXFileReference section */

/* Begin PBXFrameworksBuildPhase section */
		D7785CAF224E00F200973D8F /* Frameworks */ = {
			isa = PBXFrameworksBuildPhase;
			buildActionMask = 2147483647;
			files = (
				D7785CD3224E031300973D8F /* A.framework in Frameworks */,
				D7785CE5224E031A00973D8F /* B.framework in Frameworks */,
				D7785D06224E058A00973D8F /* C.framework in Frameworks */,
				D7785D17224E059100973D8F /* D.framework in Frameworks */,
			);
			runOnlyForDeploymentPostprocessing = 0;
		};
		D7785CC9224E031300973D8F /* Frameworks */ = {
			isa = PBXFrameworksBuildPhase;
			buildActionMask = 2147483647;
			files = (
			);
			runOnlyForDeploymentPostprocessing = 0;
		};
		D7785CDB224E031A00973D8F /* Frameworks */ = {
			isa = PBXFrameworksBuildPhase;
			buildActionMask = 2147483647;
			files = (
			);
			runOnlyForDeploymentPostprocessing = 0;
		};
		D7785CFC224E058A00973D8F /* Frameworks */ = {
			isa = PBXFrameworksBuildPhase;
			buildActionMask = 2147483647;
			files = (
			);
			runOnlyForDeploymentPostprocessing = 0;
		};
		D7785D0D224E059100973D8F /* Frameworks */ = {
			isa = PBXFrameworksBuildPhase;
			buildActionMask = 2147483647;
			files = (
			);
			runOnlyForDeploymentPostprocessing = 0;
		};
/* End PBXFrameworksBuildPhase section */

/* Begin PBXGroup section */
		D7785CA9224E00F200973D8F = {
			isa = PBXGroup;
			children = (
				D7785CB4224E00F200973D8F /* Demo */,
				D7785CCD224E031300973D8F /* A */,
				D7785CDF224E031A00973D8F /* B */,
				D7785D00224E058A00973D8F /* C */,
				D7785D11224E059100973D8F /* D */,
				D7785CB3224E00F200973D8F /* Products */,
			);
			sourceTree = "<group>";
		};
		D7785CB3224E00F200973D8F /* Products */ = {
			isa = PBXGroup;
			children = (
				D7785CB2224E00F200973D8F /* Demo.app */,
				D7785CCC224E031300973D8F /* A.framework */,
				D7785CDE224E031A00973D8F /* B.framework */,
				D7785CFF224E058A00973D8F /* C.framework */,
				D7785D10224E059100973D8F /* D.framework */,
			);
			name = Products;
			sourceTree = "<group>";
		};
		D7785CB4224E00F200973D8F /* Demo */ = {
			isa = PBXGroup;
			children = (
				D7785CB5224E00F200973D8F /* AppDelegate.swift */,
				D7785CB7224E00F200973D8F /* ViewController.swift */,
				D7785CB9224E00F200973D8F /* Main.storyboard */,
				D7785CBC224E00F300973D8F /* Assets.xcassets */,
				D7785CBE224E00F300973D8F /* LaunchScreen.storyboard */,
				D7785CC1224E00F300973D8F /* Info.plist */,
			);
			path = Demo;
			sourceTree = "<group>";
		};
		D7785CCD224E031300973D8F /* A */ = {
			isa = PBXGroup;
			children = (
				D7785CCE224E031300973D8F /* A.h */,
				D7785CCF224E031300973D8F /* Info.plist */,
				D7785CEA224E033000973D8F /* AClass.h */,
				D7785CEB224E033000973D8F /* AClass.m */,
				D7785CF6224E035200973D8F /* Core.h */,
				D7785CF7224E035200973D8F /* Core.m */,
			);
			path = A;
			sourceTree = "<group>";
		};
		D7785CDF224E031A00973D8F /* B */ = {
			isa = PBXGroup;
			children = (
				D7785CE0224E031A00973D8F /* B.h */,
				D7785CE1224E031A00973D8F /* Info.plist */,
				D7785CEE224E033C00973D8F /* BClass.h */,
				D7785CEF224E033C00973D8F /* BClass.m */,
				D7785CF2224E034600973D8F /* Core.h */,
				D7785CF3224E034600973D8F /* Core.m */,
			);
			path = B;
			sourceTree = "<group>";
		};
		D7785D00224E058A00973D8F /* C */ = {
			isa = PBXGroup;
			children = (
				D7785D01224E058A00973D8F /* C.h */,
				D7785D02224E058A00973D8F /* Info.plist */,
				D7785D1C224E059C00973D8F /* CClass.swift */,
				D7785D20224E05AB00973D8F /* Core.swift */,
			);
			path = C;
			sourceTree = "<group>";
		};
		D7785D11224E059100973D8F /* D */ = {
			isa = PBXGroup;
			children = (
				D7785D12224E059100973D8F /* D.h */,
				D7785D13224E059100973D8F /* Info.plist */,
				D7785D1E224E05A300973D8F /* DClass.swift */,
				D7785D22224E05B200973D8F /* Core.swift */,
			);
			path = D;
			sourceTree = "<group>";
		};
/* End PBXGroup section */

/* Begin PBXHeadersBuildPhase section */
		D7785CC7224E031300973D8F /* Headers */ = {
			isa = PBXHeadersBuildPhase;
			buildActionMask = 2147483647;
			files = (
				D7785CD0224E031300973D8F /* A.h in Headers */,
				D7785CF8224E035200973D8F /* Core.h in Headers */,
				D7785CEC224E033000973D8F /* AClass.h in Headers */,
			);
			runOnlyForDeploymentPostprocessing = 0;
		};
		D7785CD9224E031A00973D8F /* Headers */ = {
			isa = PBXHeadersBuildPhase;
			buildActionMask = 2147483647;
			files = (
				D7785CF0224E033C00973D8F /* BClass.h in Headers */,
				D7785CF4224E034600973D8F /* Core.h in Headers */,
				D7785CE2224E031A00973D8F /* B.h in Headers */,
			);
			runOnlyForDeploymentPostprocessing = 0;
		};
		D7785CFA224E058A00973D8F /* Headers */ = {
			isa = PBXHeadersBuildPhase;
			buildActionMask = 2147483647;
			files = (
				D7785D03224E058A00973D8F /* C.h in Headers */,
			);
			runOnlyForDeploymentPostprocessing = 0;
		};
		D7785D0B224E059100973D8F /* Headers */ = {
			isa = PBXHeadersBuildPhase;
			buildActionMask = 2147483647;
			files = (
				D7785D14224E059100973D8F /* D.h in Headers */,
			);
			runOnlyForDeploymentPostprocessing = 0;
		};
/* End PBXHeadersBuildPhase section */

/* Begin PBXNativeTarget section */
		D7785CB1224E00F200973D8F /* Demo */ = {
			isa = PBXNativeTarget;
			buildConfigurationList = D7785CC4224E00F300973D8F /* Build configuration list for PBXNativeTarget "Demo" */;
			buildPhases = (
				D7785CAE224E00F200973D8F /* Sources */,
				D7785CAF224E00F200973D8F /* Frameworks */,
				D7785CB0224E00F200973D8F /* Resources */,
				D7785CD8224E031300973D8F /* Embed Frameworks */,
			);
			buildRules = (
			);
			dependencies = (
				D7785CD2224E031300973D8F /* PBXTargetDependency */,
				D7785CE4224E031A00973D8F /* PBXTargetDependency */,
				D7785D05224E058A00973D8F /* PBXTargetDependency */,
				D7785D16224E059100973D8F /* PBXTargetDependency */,
			);
			name = Demo;
			productName = Demo;
			productReference = D7785CB2224E00F200973D8F /* Demo.app */;
			productType = "com.apple.product-type.application";
		};
		D7785CCB224E031300973D8F /* A */ = {
			isa = PBXNativeTarget;
			buildConfigurationList = D7785CD5224E031300973D8F /* Build configuration list for PBXNativeTarget "A" */;
			buildPhases = (
				D7785CC7224E031300973D8F /* Headers */,
				D7785CC8224E031300973D8F /* Sources */,
				D7785CC9224E031300973D8F /* Frameworks */,
				D7785CCA224E031300973D8F /* Resources */,
			);
			buildRules = (
			);
			dependencies = (
			);
			name = A;
			productName = A;
			productReference = D7785CCC224E031300973D8F /* A.framework */;
			productType = "com.apple.product-type.framework";
		};
		D7785CDD224E031A00973D8F /* B */ = {
			isa = PBXNativeTarget;
			buildConfigurationList = D7785CE7224E031A00973D8F /* Build configuration list for PBXNativeTarget "B" */;
			buildPhases = (
				D7785CD9224E031A00973D8F /* Headers */,
				D7785CDA224E031A00973D8F /* Sources */,
				D7785CDB224E031A00973D8F /* Frameworks */,
				D7785CDC224E031A00973D8F /* Resources */,
			);
			buildRules = (
			);
			dependencies = (
			);
			name = B;
			productName = B;
			productReference = D7785CDE224E031A00973D8F /* B.framework */;
			productType = "com.apple.product-type.framework";
		};
		D7785CFE224E058A00973D8F /* C */ = {
			isa = PBXNativeTarget;
			buildConfigurationList = D7785D0A224E058A00973D8F /* Build configuration list for PBXNativeTarget "C" */;
			buildPhases = (
				D7785CFA224E058A00973D8F /* Headers */,
				D7785CFB224E058A00973D8F /* Sources */,
				D7785CFC224E058A00973D8F /* Frameworks */,
				D7785CFD224E058A00973D8F /* Resources */,
			);
			buildRules = (
			);
			dependencies = (
			);
			name = C;
			productName = C;
			productReference = D7785CFF224E058A00973D8F /* C.framework */;
			productType = "com.apple.product-type.framework";
		};
		D7785D0F224E059100973D8F /* D */ = {
			isa = PBXNativeTarget;
			buildConfigurationList = D7785D19224E059100973D8F /* Build configuration list for PBXNativeTarget "D" */;
			buildPhases = (
				D7785D0B224E059100973D8F /* Headers */,
				D7785D0C224E059100973D8F /* Sources */,
				D7785D0D224E059100973D8F /* Frameworks */,
				D7785D0E224E059100973D8F /* Resources */,
			);
			buildRules = (
			);
			dependencies = (
			);
			name = D;
			productName = D;
			productReference = D7785D10224E059100973D8F /* D.framework */;
			productType = "com.apple.product-type.framework";
		};
/* End PBXNativeTarget section */

/* Begin PBXProject section */
		D7785CAA224E00F200973D8F /* Project object */ = {
			isa = PBXProject;
			attributes = {
				LastSwiftUpdateCheck = 1010;
				LastUpgradeCheck = 1010;
				ORGANIZATIONNAME = "Tomoya Hirano";
				TargetAttributes = {
					D7785CB1224E00F200973D8F = {
						CreatedOnToolsVersion = 10.1;
					};
					D7785CCB224E031300973D8F = {
						CreatedOnToolsVersion = 10.1;
					};
					D7785CDD224E031A00973D8F = {
						CreatedOnToolsVersion = 10.1;
					};
					D7785CFE224E058A00973D8F = {
						CreatedOnToolsVersion = 10.1;
						LastSwiftMigration = 1010;
					};
					D7785D0F224E059100973D8F = {
						CreatedOnToolsVersion = 10.1;
						LastSwiftMigration = 1010;
					};
				};
			};
			buildConfigurationList = D7785CAD224E00F200973D8F /* Build configuration list for PBXProject "Demo" */;
			compatibilityVersion = "Xcode 9.3";
			developmentRegion = en;
			hasScannedForEncodings = 0;
			knownRegions = (
				en,
				Base,
			);
			mainGroup = D7785CA9224E00F200973D8F;
			productRefGroup = D7785CB3224E00F200973D8F /* Products */;
			projectDirPath = "";
			projectRoot = "";
			targets = (
				D7785CB1224E00F200973D8F /* Demo */,
				D7785CCB224E031300973D8F /* A */,
				D7785CDD224E031A00973D8F /* B */,
				D7785CFE224E058A00973D8F /* C */,
				D7785D0F224E059100973D8F /* D */,
			);
		};
/* End PBXProject section */

/* Begin PBXResourcesBuildPhase section */
		D7785CB0224E00F200973D8F /* Resources */ = {
			isa = PBXResourcesBuildPhase;
			buildActionMask = 2147483647;
			files = (
				D7785CC0224E00F300973D8F /* LaunchScreen.storyboard in Resources */,
				D7785CBD224E00F300973D8F /* Assets.xcassets in Resources */,
				D7785CBB224E00F200973D8F /* Main.storyboard in Resources */,
			);
			runOnlyForDeploymentPostprocessing = 0;
		};
		D7785CCA224E031300973D8F /* Resources */ = {
			isa = PBXResourcesBuildPhase;
			buildActionMask = 2147483647;
			files = (
			);
			runOnlyForDeploymentPostprocessing = 0;
		};
		D7785CDC224E031A00973D8F /* Resources */ = {
			isa = PBXResourcesBuildPhase;
			buildActionMask = 2147483647;
			files = (
			);
			runOnlyForDeploymentPostprocessing = 0;
		};
		D7785CFD224E058A00973D8F /* Resources */ = {
			isa = PBXResourcesBuildPhase;
			buildActionMask = 2147483647;
			files = (
			);
			runOnlyForDeploymentPostprocessing = 0;
		};
		D7785D0E224E059100973D8F /* Resources */ = {
			isa = PBXResourcesBuildPhase;
			buildActionMask = 2147483647;
			files = (
			);
			runOnlyForDeploymentPostprocessing = 0;
		};
/* End PBXResourcesBuildPhase section */

/* Begin PBXSourcesBuildPhase section */
		D7785CAE224E00F200973D8F /* Sources */ = {
			isa = PBXSourcesBuildPhase;
			buildActionMask = 2147483647;
			files = (
				D7785CB8224E00F200973D8F /* ViewController.swift in Sources */,
				D7785CB6224E00F200973D8F /* AppDelegate.swift in Sources */,
			);
			runOnlyForDeploymentPostprocessing = 0;
		};
		D7785CC8224E031300973D8F /* Sources */ = {
			isa = PBXSourcesBuildPhase;
			buildActionMask = 2147483647;
			files = (
				D7785CF9224E035200973D8F /* Core.m in Sources */,
				D7785CED224E033000973D8F /* AClass.m in Sources */,
			);
			runOnlyForDeploymentPostprocessing = 0;
		};
		D7785CDA224E031A00973D8F /* Sources */ = {
			isa = PBXSourcesBuildPhase;
			buildActionMask = 2147483647;
			files = (
				D7785CF5224E034600973D8F /* Core.m in Sources */,
				D7785CF1224E033C00973D8F /* BClass.m in Sources */,
			);
			runOnlyForDeploymentPostprocessing = 0;
		};
		D7785CFB224E058A00973D8F /* Sources */ = {
			isa = PBXSourcesBuildPhase;
			buildActionMask = 2147483647;
			files = (
				D7785D21224E05AB00973D8F /* Core.swift in Sources */,
				D7785D1D224E059C00973D8F /* CClass.swift in Sources */,
			);
			runOnlyForDeploymentPostprocessing = 0;
		};
		D7785D0C224E059100973D8F /* Sources */ = {
			isa = PBXSourcesBuildPhase;
			buildActionMask = 2147483647;
			files = (
				D7785D23224E05B200973D8F /* Core.swift in Sources */,
				D7785D1F224E05A300973D8F /* DClass.swift in Sources */,
			);
			runOnlyForDeploymentPostprocessing = 0;
		};
/* End PBXSourcesBuildPhase section */

/* Begin PBXTargetDependency section */
		D7785CD2224E031300973D8F /* PBXTargetDependency */ = {
			isa = PBXTargetDependency;
			target = D7785CCB224E031300973D8F /* A */;
			targetProxy = D7785CD1224E031300973D8F /* PBXContainerItemProxy */;
		};
		D7785CE4224E031A00973D8F /* PBXTargetDependency */ = {
			isa = PBXTargetDependency;
			target = D7785CDD224E031A00973D8F /* B */;
			targetProxy = D7785CE3224E031A00973D8F /* PBXContainerItemProxy */;
		};
		D7785D05224E058A00973D8F /* PBXTargetDependency */ = {
			isa = PBXTargetDependency;
			target = D7785CFE224E058A00973D8F /* C */;
			targetProxy = D7785D04224E058A00973D8F /* PBXContainerItemProxy */;
		};
		D7785D16224E059100973D8F /* PBXTargetDependency */ = {
			isa = PBXTargetDependency;
			target = D7785D0F224E059100973D8F /* D */;
			targetProxy = D7785D15224E059100973D8F /* PBXContainerItemProxy */;
		};
/* End PBXTargetDependency section */

/* Begin PBXVariantGroup section */
		D7785CB9224E00F200973D8F /* Main.storyboard */ = {
			isa = PBXVariantGroup;
			children = (
				D7785CBA224E00F200973D8F /* Base */,
			);
			name = Main.storyboard;
			sourceTree = "<group>";
		};
		D7785CBE224E00F300973D8F /* LaunchScreen.storyboard */ = {
			isa = PBXVariantGroup;
			children = (
				D7785CBF224E00F300973D8F /* Base */,
			);
			name = LaunchScreen.storyboard;
			sourceTree = "<group>";
		};
/* End PBXVariantGroup section */

/* Begin XCBuildConfiguration section */
		D7785CC2224E00F300973D8F /* Debug */ = {
			isa = XCBuildConfiguration;
			buildSettings = {
				ALWAYS_SEARCH_USER_PATHS = NO;
				CLANG_ANALYZER_NONNULL = YES;
				CLANG_ANALYZER_NUMBER_OBJECT_CONVERSION = YES_AGGRESSIVE;
				CLANG_CXX_LANGUAGE_STANDARD = "gnu++14";
				CLANG_CXX_LIBRARY = "libc++";
				CLANG_ENABLE_MODULES = YES;
				CLANG_ENABLE_OBJC_ARC = YES;
				CLANG_ENABLE_OBJC_WEAK = YES;
				CLANG_WARN_BLOCK_CAPTURE_AUTORELEASING = YES;
				CLANG_WARN_BOOL_CONVERSION = YES;
				CLANG_WARN_COMMA = YES;
				CLANG_WARN_CONSTANT_CONVERSION = YES;
				CLANG_WARN_DEPRECATED_OBJC_IMPLEMENTATIONS = YES;
				CLANG_WARN_DIRECT_OBJC_ISA_USAGE = YES_ERROR;
				CLANG_WARN_DOCUMENTATION_COMMENTS = YES;
				CLANG_WARN_EMPTY_BODY = YES;
				CLANG_WARN_ENUM_CONVERSION = YES;
				CLANG_WARN_INFINITE_RECURSION = YES;
				CLANG_WARN_INT_CONVERSION = YES;
				CLANG_WARN_NON_LITERAL_NULL_CONVERSION = YES;
				CLANG_WARN_OBJC_IMPLICIT_RETAIN_SELF = YES;
				CLANG_WARN_OBJC_LITERAL_CONVERSION = YES;
				CLANG_WARN_OBJC_ROOT_CLASS = YES_ERROR;
				CLANG_WARN_RANGE_LOOP_ANALYSIS = YES;
				CLANG_WARN_STRICT_PROTOTYPES = YES;
				CLANG_WARN_SUSPICIOUS_MOVE = YES;
				CLANG_WARN_UNGUARDED_AVAILABILITY = YES_AGGRESSIVE;
				CLANG_WARN_UNREACHABLE_CODE = YES;
				CLANG_WARN__DUPLICATE_METHOD_MATCH = YES;
				CODE_SIGN_IDENTITY = "iPhone Developer";
				COPY_PHASE_STRIP = NO;
				DEBUG_INFORMATION_FORMAT = dwarf;
				ENABLE_STRICT_OBJC_MSGSEND = YES;
				ENABLE_TESTABILITY = YES;
				GCC_C_LANGUAGE_STANDARD = gnu11;
				GCC_DYNAMIC_NO_PIC = NO;
				GCC_NO_COMMON_BLOCKS = YES;
				GCC_OPTIMIZATION_LEVEL = 0;
				GCC_PREPROCESSOR_DEFINITIONS = (
					"DEBUG=1",
					"$(inherited)",
				);
				GCC_WARN_64_TO_32_BIT_CONVERSION = YES;
				GCC_WARN_ABOUT_RETURN_TYPE = YES_ERROR;
				GCC_WARN_UNDECLARED_SELECTOR = YES;
				GCC_WARN_UNINITIALIZED_AUTOS = YES_AGGRESSIVE;
				GCC_WARN_UNUSED_FUNCTION = YES;
				GCC_WARN_UNUSED_VARIABLE = YES;
				IPHONEOS_DEPLOYMENT_TARGET = 12.1;
				MTL_ENABLE_DEBUG_INFO = INCLUDE_SOURCE;
				MTL_FAST_MATH = YES;
				ONLY_ACTIVE_ARCH = YES;
				SDKROOT = iphoneos;
				SWIFT_ACTIVE_COMPILATION_CONDITIONS = DEBUG;
				SWIFT_OPTIMIZATION_LEVEL = "-Onone";
			};
			name = Debug;
		};
		D7785CC3224E00F300973D8F /* Release */ = {
			isa = XCBuildConfiguration;
			buildSettings = {
				ALWAYS_SEARCH_USER_PATHS = NO;
				CLANG_ANALYZER_NONNULL = YES;
				CLANG_ANALYZER_NUMBER_OBJECT_CONVERSION = YES_AGGRESSIVE;
				CLANG_CXX_LANGUAGE_STANDARD = "gnu++14";
				CLANG_CXX_LIBRARY = "libc++";
				CLANG_ENABLE_MODULES = YES;
				CLANG_ENABLE_OBJC_ARC = YES;
				CLANG_ENABLE_OBJC_WEAK = YES;
				CLANG_WARN_BLOCK_CAPTURE_AUTORELEASING = YES;
				CLANG_WARN_BOOL_CONVERSION = YES;
				CLANG_WARN_COMMA = YES;
				CLANG_WARN_CONSTANT_CONVERSION = YES;
				CLANG_WARN_DEPRECATED_OBJC_IMPLEMENTATIONS = YES;
				CLANG_WARN_DIRECT_OBJC_ISA_USAGE = YES_ERROR;
				CLANG_WARN_DOCUMENTATION_COMMENTS = YES;
				CLANG_WARN_EMPTY_BODY = YES;
				CLANG_WARN_ENUM_CONVERSION = YES;
				CLANG_WARN_INFINITE_RECURSION = YES;
				CLANG_WARN_INT_CONVERSION = YES;
				CLANG_WARN_NON_LITERAL_NULL_CONVERSION = YES;
				CLANG_WARN_OBJC_IMPLICIT_RETAIN_SELF = YES;
				CLANG_WARN_OBJC_LITERAL_CONVERSION = YES;
				CLANG_WARN_OBJC_ROOT_CLASS = YES_ERROR;
				CLANG_WARN_RANGE_LOOP_ANALYSIS = YES;
				CLANG_WARN_STRICT_PROTOTYPES = YES;
				CLANG_WARN_SUSPICIOUS_MOVE = YES;
				CLANG_WARN_UNGUARDED_AVAILABILITY = YES_AGGRESSIVE;
				CLANG_WARN_UNREACHABLE_CODE = YES;
				CLANG_WARN__DUPLICATE_METHOD_MATCH = YES;
				CODE_SIGN_IDENTITY = "iPhone Developer";
				COPY_PHASE_STRIP = NO;
				DEBUG_INFORMATION_FORMAT = "dwarf-with-dsym";
				ENABLE_NS_ASSERTIONS = NO;
				ENABLE_STRICT_OBJC_MSGSEND = YES;
				GCC_C_LANGUAGE_STANDARD = gnu11;
				GCC_NO_COMMON_BLOCKS = YES;
				GCC_WARN_64_TO_32_BIT_CONVERSION = YES;
				GCC_WARN_ABOUT_RETURN_TYPE = YES_ERROR;
				GCC_WARN_UNDECLARED_SELECTOR = YES;
				GCC_WARN_UNINITIALIZED_AUTOS = YES_AGGRESSIVE;
				GCC_WARN_UNUSED_FUNCTION = YES;
				GCC_WARN_UNUSED_VARIABLE = YES;
				IPHONEOS_DEPLOYMENT_TARGET = 12.1;
				MTL_ENABLE_DEBUG_INFO = NO;
				MTL_FAST_MATH = YES;
				SDKROOT = iphoneos;
				SWIFT_COMPILATION_MODE = wholemodule;
				SWIFT_OPTIMIZATION_LEVEL = "-O";
				VALIDATE_PRODUCT = YES;
			};
			name = Release;
		};
		D7785CC5224E00F300973D8F /* Debug */ = {
			isa = XCBuildConfiguration;
			buildSettings = {
				ALWAYS_EMBED_SWIFT_STANDARD_LIBRARIES = YES;
				ASSETCATALOG_COMPILER_APPICON_NAME = AppIcon;
				CODE_SIGN_STYLE = Automatic;
				DEVELOPMENT_TEAM = FBQ6Z8AF3U;
				INFOPLIST_FILE = Demo/Info.plist;
				LD_RUNPATH_SEARCH_PATHS = (
					"$(inherited)",
					"@executable_path/Frameworks",
				);
				PRODUCT_BUNDLE_IDENTIFIER = com.noppe.app;
				PRODUCT_NAME = "$(TARGET_NAME)";
				SWIFT_VERSION = 4.2;
				TARGETED_DEVICE_FAMILY = "1,2";
			};
			name = Debug;
		};
		D7785CC6224E00F300973D8F /* Release */ = {
			isa = XCBuildConfiguration;
			buildSettings = {
				ALWAYS_EMBED_SWIFT_STANDARD_LIBRARIES = YES;
				ASSETCATALOG_COMPILER_APPICON_NAME = AppIcon;
				CODE_SIGN_STYLE = Automatic;
				DEVELOPMENT_TEAM = FBQ6Z8AF3U;
				INFOPLIST_FILE = Demo/Info.plist;
				LD_RUNPATH_SEARCH_PATHS = (
					"$(inherited)",
					"@executable_path/Frameworks",
				);
				PRODUCT_BUNDLE_IDENTIFIER = com.noppe.app;
				PRODUCT_NAME = "$(TARGET_NAME)";
				SWIFT_VERSION = 4.2;
				TARGETED_DEVICE_FAMILY = "1,2";
			};
			name = Release;
		};
		D7785CD6224E031300973D8F /* Debug */ = {
			isa = XCBuildConfiguration;
			buildSettings = {
				CODE_SIGN_IDENTITY = "";
				CODE_SIGN_STYLE = Automatic;
				CURRENT_PROJECT_VERSION = 1;
				DEFINES_MODULE = YES;
				DEVELOPMENT_TEAM = FBQ6Z8AF3U;
				DYLIB_COMPATIBILITY_VERSION = 1;
				DYLIB_CURRENT_VERSION = 1;
				DYLIB_INSTALL_NAME_BASE = "@rpath";
				INFOPLIST_FILE = A/Info.plist;
				INSTALL_PATH = "$(LOCAL_LIBRARY_DIR)/Frameworks";
				LD_RUNPATH_SEARCH_PATHS = (
					"$(inherited)",
					"@executable_path/Frameworks",
					"@loader_path/Frameworks",
				);
				PRODUCT_BUNDLE_IDENTIFIER = com.noppe.A;
				PRODUCT_NAME = "$(TARGET_NAME:c99extidentifier)";
				SKIP_INSTALL = YES;
				TARGETED_DEVICE_FAMILY = "1,2";
				VERSIONING_SYSTEM = "apple-generic";
				VERSION_INFO_PREFIX = "";
			};
			name = Debug;
		};
		D7785CD7224E031300973D8F /* Release */ = {
			isa = XCBuildConfiguration;
			buildSettings = {
				CODE_SIGN_IDENTITY = "";
				CODE_SIGN_STYLE = Automatic;
				CURRENT_PROJECT_VERSION = 1;
				DEFINES_MODULE = YES;
				DEVELOPMENT_TEAM = FBQ6Z8AF3U;
				DYLIB_COMPATIBILITY_VERSION = 1;
				DYLIB_CURRENT_VERSION = 1;
				DYLIB_INSTALL_NAME_BASE = "@rpath";
				INFOPLIST_FILE = A/Info.plist;
				INSTALL_PATH = "$(LOCAL_LIBRARY_DIR)/Frameworks";
				LD_RUNPATH_SEARCH_PATHS = (
					"$(inherited)",
					"@executable_path/Frameworks",
					"@loader_path/Frameworks",
				);
				PRODUCT_BUNDLE_IDENTIFIER = com.noppe.A;
				PRODUCT_NAME = "$(TARGET_NAME:c99extidentifier)";
				SKIP_INSTALL = YES;
				TARGETED_DEVICE_FAMILY = "1,2";
				VERSIONING_SYSTEM = "apple-generic";
				VERSION_INFO_PREFIX = "";
			};
			name = Release;
		};
		D7785CE8224E031A00973D8F /* Debug */ = {
			isa = XCBuildConfiguration;
			buildSettings = {
				CODE_SIGN_IDENTITY = "";
				CODE_SIGN_STYLE = Automatic;
				CURRENT_PROJECT_VERSION = 1;
				DEFINES_MODULE = YES;
				DEVELOPMENT_TEAM = FBQ6Z8AF3U;
				DYLIB_COMPATIBILITY_VERSION = 1;
				DYLIB_CURRENT_VERSION = 1;
				DYLIB_INSTALL_NAME_BASE = "@rpath";
				INFOPLIST_FILE = B/Info.plist;
				INSTALL_PATH = "$(LOCAL_LIBRARY_DIR)/Frameworks";
				LD_RUNPATH_SEARCH_PATHS = (
					"$(inherited)",
					"@executable_path/Frameworks",
					"@loader_path/Frameworks",
				);
				PRODUCT_BUNDLE_IDENTIFIER = com.noppe.B;
				PRODUCT_NAME = "$(TARGET_NAME:c99extidentifier)";
				SKIP_INSTALL = YES;
				TARGETED_DEVICE_FAMILY = "1,2";
				VERSIONING_SYSTEM = "apple-generic";
				VERSION_INFO_PREFIX = "";
			};
			name = Debug;
		};
		D7785CE9224E031A00973D8F /* Release */ = {
			isa = XCBuildConfiguration;
			buildSettings = {
				CODE_SIGN_IDENTITY = "";
				CODE_SIGN_STYLE = Automatic;
				CURRENT_PROJECT_VERSION = 1;
				DEFINES_MODULE = YES;
				DEVELOPMENT_TEAM = FBQ6Z8AF3U;
				DYLIB_COMPATIBILITY_VERSION = 1;
				DYLIB_CURRENT_VERSION = 1;
				DYLIB_INSTALL_NAME_BASE = "@rpath";
				INFOPLIST_FILE = B/Info.plist;
				INSTALL_PATH = "$(LOCAL_LIBRARY_DIR)/Frameworks";
				LD_RUNPATH_SEARCH_PATHS = (
					"$(inherited)",
					"@executable_path/Frameworks",
					"@loader_path/Frameworks",
				);
				PRODUCT_BUNDLE_IDENTIFIER = com.noppe.B;
				PRODUCT_NAME = "$(TARGET_NAME:c99extidentifier)";
				SKIP_INSTALL = YES;
				TARGETED_DEVICE_FAMILY = "1,2";
				VERSIONING_SYSTEM = "apple-generic";
				VERSION_INFO_PREFIX = "";
			};
			name = Release;
		};
		D7785D08224E058A00973D8F /* Debug */ = {
			isa = XCBuildConfiguration;
			buildSettings = {
				CLANG_ENABLE_MODULES = YES;
				CODE_SIGN_IDENTITY = "";
				CODE_SIGN_STYLE = Automatic;
				CURRENT_PROJECT_VERSION = 1;
				DEFINES_MODULE = YES;
				DEVELOPMENT_TEAM = FBQ6Z8AF3U;
				DYLIB_COMPATIBILITY_VERSION = 1;
				DYLIB_CURRENT_VERSION = 1;
				DYLIB_INSTALL_NAME_BASE = "@rpath";
				INFOPLIST_FILE = C/Info.plist;
				INSTALL_PATH = "$(LOCAL_LIBRARY_DIR)/Frameworks";
				LD_RUNPATH_SEARCH_PATHS = (
					"$(inherited)",
					"@executable_path/Frameworks",
					"@loader_path/Frameworks",
				);
				PRODUCT_BUNDLE_IDENTIFIER = com.noppe.C;
				PRODUCT_NAME = "$(TARGET_NAME:c99extidentifier)";
				SKIP_INSTALL = YES;
				SWIFT_OPTIMIZATION_LEVEL = "-Onone";
				SWIFT_VERSION = 4.2;
				TARGETED_DEVICE_FAMILY = "1,2";
				VERSIONING_SYSTEM = "apple-generic";
				VERSION_INFO_PREFIX = "";
			};
			name = Debug;
		};
		D7785D09224E058A00973D8F /* Release */ = {
			isa = XCBuildConfiguration;
			buildSettings = {
				CLANG_ENABLE_MODULES = YES;
				CODE_SIGN_IDENTITY = "";
				CODE_SIGN_STYLE = Automatic;
				CURRENT_PROJECT_VERSION = 1;
				DEFINES_MODULE = YES;
				DEVELOPMENT_TEAM = FBQ6Z8AF3U;
				DYLIB_COMPATIBILITY_VERSION = 1;
				DYLIB_CURRENT_VERSION = 1;
				DYLIB_INSTALL_NAME_BASE = "@rpath";
				INFOPLIST_FILE = C/Info.plist;
				INSTALL_PATH = "$(LOCAL_LIBRARY_DIR)/Frameworks";
				LD_RUNPATH_SEARCH_PATHS = (
					"$(inherited)",
					"@executable_path/Frameworks",
					"@loader_path/Frameworks",
				);
				PRODUCT_BUNDLE_IDENTIFIER = com.noppe.C;
				PRODUCT_NAME = "$(TARGET_NAME:c99extidentifier)";
				SKIP_INSTALL = YES;
				SWIFT_VERSION = 4.2;
				TARGETED_DEVICE_FAMILY = "1,2";
				VERSIONING_SYSTEM = "apple-generic";
				VERSION_INFO_PREFIX = "";
			};
			name = Release;
		};
		D7785D1A224E059100973D8F /* Debug */ = {
			isa = XCBuildConfiguration;
			buildSettings = {
				CLANG_ENABLE_MODULES = YES;
				CODE_SIGN_IDENTITY = "";
				CODE_SIGN_STYLE = Automatic;
				CURRENT_PROJECT_VERSION = 1;
				DEFINES_MODULE = YES;
				DEVELOPMENT_TEAM = FBQ6Z8AF3U;
				DYLIB_COMPATIBILITY_VERSION = 1;
				DYLIB_CURRENT_VERSION = 1;
				DYLIB_INSTALL_NAME_BASE = "@rpath";
				INFOPLIST_FILE = D/Info.plist;
				INSTALL_PATH = "$(LOCAL_LIBRARY_DIR)/Frameworks";
				LD_RUNPATH_SEARCH_PATHS = (
					"$(inherited)",
					"@executable_path/Frameworks",
					"@loader_path/Frameworks",
				);
				PRODUCT_BUNDLE_IDENTIFIER = com.noppe.D;
				PRODUCT_NAME = "$(TARGET_NAME:c99extidentifier)";
				SKIP_INSTALL = YES;
				SWIFT_OPTIMIZATION_LEVEL = "-Onone";
				SWIFT_VERSION = 4.2;
				TARGETED_DEVICE_FAMILY = "1,2";
				VERSIONING_SYSTEM = "apple-generic";
				VERSION_INFO_PREFIX = "";
			};
			name = Debug;
		};
		D7785D1B224E059100973D8F /* Release */ = {
			isa = XCBuildConfiguration;
			buildSettings = {
				CLANG_ENABLE_MODULES = YES;
				CODE_SIGN_IDENTITY = "";
				CODE_SIGN_STYLE = Automatic;
				CURRENT_PROJECT_VERSION = 1;
				DEFINES_MODULE = YES;
				DEVELOPMENT_TEAM = FBQ6Z8AF3U;
				DYLIB_COMPATIBILITY_VERSION = 1;
				DYLIB_CURRENT_VERSION = 1;
				DYLIB_INSTALL_NAME_BASE = "@rpath";
				INFOPLIST_FILE = D/Info.plist;
				INSTALL_PATH = "$(LOCAL_LIBRARY_DIR)/Frameworks";
				LD_RUNPATH_SEARCH_PATHS = (
					"$(inherited)",
					"@executable_path/Frameworks",
					"@loader_path/Frameworks",
				);
				PRODUCT_BUNDLE_IDENTIFIER = com.noppe.D;
				PRODUCT_NAME = "$(TARGET_NAME:c99extidentifier)";
				SKIP_INSTALL = YES;
				SWIFT_VERSION = 4.2;
				TARGETED_DEVICE_FAMILY = "1,2";
				VERSIONING_SYSTEM = "apple-generic";
				VERSION_INFO_PREFIX = "";
			};
			name = Release;
		};
/* End XCBuildConfiguration section */

/* Begin XCConfigurationList section */
		D7785CAD224E00F200973D8F /* Build configuration list for PBXProject "Demo" */ = {
			isa = XCConfigurationList;
			buildConfigurations = (
				D7785CC2224E00F300973D8F /* Debug */,
				D7785CC3224E00F300973D8F /* Release */,
			);
			defaultConfigurationIsVisible = 0;
			defaultConfigurationName = Release;
		};
		D7785CC4224E00F300973D8F /* Build configuration list for PBXNativeTarget "Demo" */ = {
			isa = XCConfigurationList;
			buildConfigurations = (
				D7785CC5224E00F300973D8F /* Debug */,
				D7785CC6224E00F300973D8F /* Release */,
			);
			defaultConfigurationIsVisible = 0;
			defaultConfigurationName = Release;
		};
		D7785CD5224E031300973D8F /* Build configuration list for PBXNativeTarget "A" */ = {
			isa = XCConfigurationList;
			buildConfigurations = (
				D7785CD6224E031300973D8F /* Debug */,
				D7785CD7224E031300973D8F /* Release */,
			);
			defaultConfigurationIsVisible = 0;
			defaultConfigurationName = Release;
		};
		D7785CE7224E031A00973D8F /* Build configuration list for PBXNativeTarget "B" */ = {
			isa = XCConfigurationList;
			buildConfigurations = (
				D7785CE8224E031A00973D8F /* Debug */,
				D7785CE9224E031A00973D8F /* Release */,
			);
			defaultConfigurationIsVisible = 0;
			defaultConfigurationName = Release;
		};
		D7785D0A224E058A00973D8F /* Build configuration list for PBXNativeTarget "C" */ = {
			isa = XCConfigurationList;
			buildConfigurations = (
				D7785D08224E058A00973D8F /* Debug */,
				D7785D09224E058A00973D8F /* Release */,
			);
			defaultConfigurationIsVisible = 0;
			defaultConfigurationName = Release;
		};
		D7785D19224E059100973D8F /* Build configuration list for PBXNativeTarget "D" */ = {
			isa = XCConfigurationList;
			buildConfigurations = (
				D7785D1A224E059100973D8F /* Debug */,
				D7785D1B224E059100973D8F /* Release */,
			);
			defaultConfigurationIsVisible = 0;
			defaultConfigurationName = Release;
		};
/* End XCConfigurationList section */
	};
	rootObject = D7785CAA224E00F200973D8F /* Project object */;
}
